
Microsoft Visual Studio Solution File, Format Version 12.00
# Visual Studio Version 16
VisualStudioVersion = 16.0.30717.126
MinimumVisualStudioVersion = 10.0.40219.1
Project("{9A19103F-16F7-4668-BE54-9A1E7A4F7556}") = "Template", "Template\Template.csproj", "{AAAEE455-3AFE-42B1-A75F-01D40333E718}"
EndProject
Project("{2150E333-8FDC-42A3-9474-1A3956D46DE8}") = "1-Web", "1-Web", "{6FEED039-CC4D-4CB6-AF39-7B1BD1E6EDBE}"
EndProject
Project("{2150E333-8FDC-42A3-9474-1A3956D46DE8}") = "2-Application", "2-Application", "{D585D750-5775-4245-B008-96DAD9664635}"
EndProject
Project("{2150E333-8FDC-42A3-9474-1A3956D46DE8}") = "3-Domain", "3-Domain", "{693B60F2-43B2-450C-AE61-B145F99C33B4}"
EndProject
Project("{2150E333-8FDC-42A3-9474-1A3956D46DE8}") = "4-Infra", "4-Infra", "{623CDBC3-7FF7-4222-B35D-BB98FAF1968C}"
EndProject
Project("{2150E333-8FDC-42A3-9474-1A3956D46DE8}") = "4.1-Data", "4.1-Data", "{F82D3403-85F0-4851-BC1F-3E5E7145943D}"
EndProject
Project("{2150E333-8FDC-42A3-9474-1A3956D46DE8}") = "4.2-CrossCutting", "4.2-CrossCutting", "{13779FA3-D71B-4254-9EB3-944FE5DFB998}"
EndProject
Project("{9A19103F-16F7-4668-BE54-9A1E7A4F7556}") = "Template.Application", "Template.Application\Template.Application.csproj", "{80EF0FF9-44F4-49F0-9C4B-B9845686C0B9}"
EndProject
Project("{9A19103F-16F7-4668-BE54-9A1E7A4F7556}") = "Template.Domain", "Template.Domain\Template.Domain.csproj", "{19B2550D-23EF-446C-A543-90F4B6CE3C81}"
EndProject
Project("{9A19103F-16F7-4668-BE54-9A1E7A4F7556}") = "Template.Data", "Template.Data\Template.Data.csproj", "{FCA3D4F7-58CC-4575-9B3C-4F860E94DA78}"
EndProject
Project("{9A19103F-16F7-4668-BE54-9A1E7A4F7556}") = "Template.CrossCutting.Auth", "Template.CrossCutting.Auth\Template.CrossCutting.Auth.csproj", "{C8F5FEB8-EC33-4070-B791-E7F7DD4C19C4}"
EndProject
Project("{9A19103F-16F7-4668-BE54-9A1E7A4F7556}") = "Template.CrossCutting.IoC", "Template.CrossCutting.IoC\Template.CrossCutting.IoC.csproj", "{A8E1BD16-8E81-451C-8CB7-4EF877E01591}"
EndProject
Project("{9A19103F-16F7-4668-BE54-9A1E7A4F7556}") = "Template.CrossCutting.Swagger", "Template.CrossCutting.Swagger\Template.CrossCutting.Swagger.csproj", "{102E1000-86EF-4C19-BE52-3550EB610B25}"
EndProject
Project("{9A19103F-16F7-4668-BE54-9A1E7A4F7556}") = "Template.CrossCutting.Notification", "Template.CrossCutting.Notification\Template.CrossCutting.Notification.csproj", "{ED4D6C68-C037-43F0-A332-0B34586A22B5}"
EndProject
Project("{9A19103F-16F7-4668-BE54-9A1E7A4F7556}") = "Template.CrossCutting.ExceptionHandler", "Template.CrossCutting.ExceptionHandler\Template.CrossCutting.ExceptionHandler.csproj", "{5480AFB8-E206-41CA-9C80-201691C2DA91}"
EndProject
Project("{2150E333-8FDC-42A3-9474-1A3956D46DE8}") = "0-Tests", "0-Tests", "{8D9A23D4-8F34-456A-83A8-7ED3A0A8ECD0}"
EndProject
Project("{FAE04EC0-301F-11D3-BF4B-00C04F79EFBC}") = "Template.Test", "Template.Test\Template.Test.csproj", "{D6D198EE-7102-4D1D-9E6B-06589CBBDDDF}"
EndProject
Global
	GlobalSection(SolutionConfigurationPlatforms) = preSolution
		Debug|Any CPU = Debug|Any CPU
		Release|Any CPU = Release|Any CPU
	EndGlobalSection
	GlobalSection(ProjectConfigurationPlatforms) = postSolution
		{AAAEE455-3AFE-42B1-A75F-01D40333E718}.Debug|Any CPU.ActiveCfg = Debug|Any CPU
		{AAAEE455-3AFE-42B1-A75F-01D40333E718}.Debug|Any CPU.Build.0 = Debug|Any CPU
		{AAAEE455-3AFE-42B1-A75F-01D40333E718}.Release|Any CPU.ActiveCfg = Release|Any CPU
		{AAAEE455-3AFE-42B1-A75F-01D40333E718}.Release|Any CPU.Build.0 = Release|Any CPU
		{80EF0FF9-44F4-49F0-9C4B-B9845686C0B9}.Debug|Any CPU.ActiveCfg = Debug|Any CPU
		{80EF0FF9-44F4-49F0-9C4B-B9845686C0B9}.Debug|Any CPU.Build.0 = Debug|Any CPU
		{80EF0FF9-44F4-49F0-9C4B-B9845686C0B9}.Release|Any CPU.ActiveCfg = Release|Any CPU
		{80EF0FF9-44F4-49F0-9C4B-B9845686C0B9}.Release|Any CPU.Build.0 = Release|Any CPU
		{19B2550D-23EF-446C-A543-90F4B6CE3C81}.Debug|Any CPU.ActiveCfg = Debug|Any CPU
		{19B2550D-23EF-446C-A543-90F4B6CE3C81}.Debug|Any CPU.Build.0 = Debug|Any CPU
		{19B2550D-23EF-446C-A543-90F4B6CE3C81}.Release|Any CPU.ActiveCfg = Release|Any CPU
		{19B2550D-23EF-446C-A543-90F4B6CE3C81}.Release|Any CPU.Build.0 = Release|Any CPU
		{FCA3D4F7-58CC-4575-9B3C-4F860E94DA78}.Debug|Any CPU.ActiveCfg = Debug|Any CPU
		{FCA3D4F7-58CC-4575-9B3C-4F860E94DA78}.Debug|Any CPU.Build.0 = Debug|Any CPU
		{FCA3D4F7-58CC-4575-9B3C-4F860E94DA78}.Release|Any CPU.ActiveCfg = Release|Any CPU
		{FCA3D4F7-58CC-4575-9B3C-4F860E94DA78}.Release|Any CPU.Build.0 = Release|Any CPU
		{C8F5FEB8-EC33-4070-B791-E7F7DD4C19C4}.Debug|Any CPU.ActiveCfg = Debug|Any CPU
		{C8F5FEB8-EC33-4070-B791-E7F7DD4C19C4}.Debug|Any CPU.Build.0 = Debug|Any CPU
		{C8F5FEB8-EC33-4070-B791-E7F7DD4C19C4}.Release|Any CPU.ActiveCfg = Release|Any CPU
		{C8F5FEB8-EC33-4070-B791-E7F7DD4C19C4}.Release|Any CPU.Build.0 = Release|Any CPU
		{A8E1BD16-8E81-451C-8CB7-4EF877E01591}.Debug|Any CPU.ActiveCfg = Debug|Any CPU
		{A8E1BD16-8E81-451C-8CB7-4EF877E01591}.Debug|Any CPU.Build.0 = Debug|Any CPU
		{A8E1BD16-8E81-451C-8CB7-4EF877E01591}.Release|Any CPU.ActiveCfg = Release|Any CPU
		{A8E1BD16-8E81-451C-8CB7-4EF877E01591}.Release|Any CPU.Build.0 = Release|Any CPU
		{102E1000-86EF-4C19-BE52-3550EB610B25}.Debug|Any CPU.ActiveCfg = Debug|Any CPU
		{102E1000-86EF-4C19-BE52-3550EB610B25}.Debug|Any CPU.Build.0 = Debug|Any CPU
		{102E1000-86EF-4C19-BE52-3550EB610B25}.Release|Any CPU.ActiveCfg = Release|Any CPU
		{102E1000-86EF-4C19-BE52-3550EB610B25}.Release|Any CPU.Build.0 = Release|Any CPU
		{ED4D6C68-C037-43F0-A332-0B34586A22B5}.Debug|Any CPU.ActiveCfg = Debug|Any CPU
		{ED4D6C68-C037-43F0-A332-0B34586A22B5}.Debug|Any CPU.Build.0 = Debug|Any CPU
		{ED4D6C68-C037-43F0-A332-0B34586A22B5}.Release|Any CPU.ActiveCfg = Release|Any CPU
		{ED4D6C68-C037-43F0-A332-0B34586A22B5}.Release|Any CPU.Build.0 = Release|Any CPU
		{5480AFB8-E206-41CA-9C80-201691C2DA91}.Debug|Any CPU.ActiveCfg = Debug|Any CPU
		{5480AFB8-E206-41CA-9C80-201691C2DA91}.Debug|Any CPU.Build.0 = Debug|Any CPU
		{5480AFB8-E206-41CA-9C80-201691C2DA91}.Release|Any CPU.ActiveCfg = Release|Any CPU
		{5480AFB8-E206-41CA-9C80-201691C2DA91}.Release|Any CPU.Build.0 = Release|Any CPU
		{D6D198EE-7102-4D1D-9E6B-06589CBBDDDF}.Debug|Any CPU.ActiveCfg = Debug|Any CPU
		{D6D198EE-7102-4D1D-9E6B-06589CBBDDDF}.Debug|Any CPU.Build.0 = Debug|Any CPU
		{D6D198EE-7102-4D1D-9E6B-06589CBBDDDF}.Release|Any CPU.ActiveCfg = Release|Any CPU
		{D6D198EE-7102-4D1D-9E6B-06589CBBDDDF}.Release|Any CPU.Build.0 = Release|Any CPU
	EndGlobalSection
	GlobalSection(SolutionProperties) = preSolution
		HideSolutionNode = FALSE
	EndGlobalSection
	GlobalSection(NestedProjects) = preSolution
		{AAAEE455-3AFE-42B1-A75F-01D40333E718} = {6FEED039-CC4D-4CB6-AF39-7B1BD1E6EDBE}
		{F82D3403-85F0-4851-BC1F-3E5E7145943D} = {623CDBC3-7FF7-4222-B35D-BB98FAF1968C}
		{13779FA3-D71B-4254-9EB3-944FE5DFB998} = {623CDBC3-7FF7-4222-B35D-BB98FAF1968C}
		{80EF0FF9-44F4-49F0-9C4B-B9845686C0B9} = {D585D750-5775-4245-B008-96DAD9664635}
		{19B2550D-23EF-446C-A543-90F4B6CE3C81} = {693B60F2-43B2-450C-AE61-B145F99C33B4}
		{FCA3D4F7-58CC-4575-9B3C-4F860E94DA78} = {F82D3403-85F0-4851-BC1F-3E5E7145943D}
		{C8F5FEB8-EC33-4070-B791-E7F7DD4C19C4} = {13779FA3-D71B-4254-9EB3-944FE5DFB998}
		{A8E1BD16-8E81-451C-8CB7-4EF877E01591} = {13779FA3-D71B-4254-9EB3-944FE5DFB998}
		{102E1000-86EF-4C19-BE52-3550EB610B25} = {13779FA3-D71B-4254-9EB3-944FE5DFB998}
		{ED4D6C68-C037-43F0-A332-0B34586A22B5} = {13779FA3-D71B-4254-9EB3-944FE5DFB998}
		{5480AFB8-E206-41CA-9C80-201691C2DA91} = {13779FA3-D71B-4254-9EB3-944FE5DFB998}
		{D6D198EE-7102-4D1D-9E6B-06589CBBDDDF} = {8D9A23D4-8F34-456A-83A8-7ED3A0A8ECD0}
	EndGlobalSection
	GlobalSection(ExtensibilityGlobals) = postSolution
		SolutionGuid = {01FA4D8E-CF4C-4782-A21D-935EA047D218}
	EndGlobalSection
EndGlobal
